
Microsoft Visual Studio Solution File, Format Version 12.00
# Visual Studio Version 17
VisualStudioVersion = 17.7.34202.233
MinimumVisualStudioVersion = 10.0.40219.1
Project("{FAE04EC0-301F-11D3-BF4B-00C04F79EFBC}") = "LibrarySystem", "LibrarySystem.csproj", "{209F691C-A894-4A9A-B393-778E301434A2}"
EndProject
Global
	GlobalSection(SolutionConfigurationPlatforms) = preSolution
		Debug|Any CPU = Debug|Any CPU
		Release|Any CPU = Release|Any CPU
	EndGlobalSection
	GlobalSection(ProjectConfigurationPlatforms) = postSolution
		{209F691C-A894-4A9A-B393-778E301434A2}.Debug|Any CPU.ActiveCfg = Debug|Any CPU
		{209F691C-A894-4A9A-B393-778E301434A2}.Debug|Any CPU.Build.0 = Debug|Any CPU
		{209F691C-A894-4A9A-B393-778E301434A2}.Release|Any CPU.ActiveCfg = Release|Any CPU
		{209F691C-A894-4A9A-B393-778E301434A2}.Release|Any CPU.Build.0 = Release|Any CPU
	EndGlobalSection
	GlobalSection(SolutionProperties) = preSolution
		HideSolutionNode = FALSE
	EndGlobalSection
	GlobalSection(ExtensibilityGlobals) = postSolution
		SolutionGuid = {99148708-D26C-48ED-953D-F5B007305955}
	EndGlobalSection
EndGlobal
